
Microsoft Visual Studio Solution File, Format Version 12.00
# Visual Studio Version 16
VisualStudioVersion = 25.0.1704.0
MinimumVisualStudioVersion = 10.0.40219.1
Project("{FAE04EC0-301F-11D3-BF4B-00C04F79EFBC}") = "BlazorEcommerce.Server", "BlazorEcommerce\Server\BlazorEcommerce.Server.csproj", "{AE97A03B-9EF4-4E3E-8725-78C97785701C}"
EndProject
Project("{FAE04EC0-301F-11D3-BF4B-00C04F79EFBC}") = "BlazorEcommerce.Client", "BlazorEcommerce\Client\BlazorEcommerce.Client.csproj", "{A18D97FF-DB70-4736-9D24-811253D05D29}"
EndProject
Project("{FAE04EC0-301F-11D3-BF4B-00C04F79EFBC}") = "BlazorEcommerce.Shared", "BlazorEcommerce\Shared\BlazorEcommerce.Shared.csproj", "{CA9DFF0A-00FF-4348-91D3-1D859AA37FE7}"
EndProject
Global
	GlobalSection(SolutionConfigurationPlatforms) = preSolution
		Debug|Any CPU = Debug|Any CPU
		Release|Any CPU = Release|Any CPU
	EndGlobalSection
	GlobalSection(ProjectConfigurationPlatforms) = postSolution
		{AE97A03B-9EF4-4E3E-8725-78C97785701C}.Debug|Any CPU.ActiveCfg = Debug|Any CPU
		{AE97A03B-9EF4-4E3E-8725-78C97785701C}.Debug|Any CPU.Build.0 = Debug|Any CPU
		{AE97A03B-9EF4-4E3E-8725-78C97785701C}.Release|Any CPU.ActiveCfg = Release|Any CPU
		{AE97A03B-9EF4-4E3E-8725-78C97785701C}.Release|Any CPU.Build.0 = Release|Any CPU
		{A18D97FF-DB70-4736-9D24-811253D05D29}.Debug|Any CPU.ActiveCfg = Debug|Any CPU
		{A18D97FF-DB70-4736-9D24-811253D05D29}.Debug|Any CPU.Build.0 = Debug|Any CPU
		{A18D97FF-DB70-4736-9D24-811253D05D29}.Release|Any CPU.ActiveCfg = Release|Any CPU
		{A18D97FF-DB70-4736-9D24-811253D05D29}.Release|Any CPU.Build.0 = Release|Any CPU
		{CA9DFF0A-00FF-4348-91D3-1D859AA37FE7}.Debug|Any CPU.ActiveCfg = Debug|Any CPU
		{CA9DFF0A-00FF-4348-91D3-1D859AA37FE7}.Debug|Any CPU.Build.0 = Debug|Any CPU
		{CA9DFF0A-00FF-4348-91D3-1D859AA37FE7}.Release|Any CPU.ActiveCfg = Release|Any CPU
		{CA9DFF0A-00FF-4348-91D3-1D859AA37FE7}.Release|Any CPU.Build.0 = Release|Any CPU
	EndGlobalSection
	GlobalSection(SolutionProperties) = preSolution
		HideSolutionNode = FALSE
	EndGlobalSection
	GlobalSection(ExtensibilityGlobals) = postSolution
		SolutionGuid = {A8450906-857E-4A97-AB00-4C16DB427AF5}
	EndGlobalSection
EndGlobal
