
Microsoft Visual Studio Solution File, Format Version 12.00
# Visual Studio Version 17
VisualStudioVersion = 17.8.34330.188
MinimumVisualStudioVersion = 10.0.40219.1
Project("{FAE04EC0-301F-11D3-BF4B-00C04F79EFBC}") = "OrderTracker.Server", "OrderTracker\Server\OrderTracker.Server.csproj", "{60690B7C-569A-4E03-9688-5489BBE6B358}"
EndProject
Project("{FAE04EC0-301F-11D3-BF4B-00C04F79EFBC}") = "OrderTracker.Client", "OrderTracker\Client\OrderTracker.Client.csproj", "{84E1C85C-D246-4678-BD9C-822B4ACC891F}"
EndProject
Project("{FAE04EC0-301F-11D3-BF4B-00C04F79EFBC}") = "OrderTracker.Shared", "OrderTracker\Shared\OrderTracker.Shared.csproj", "{0BF85DD0-2E78-4FF7-A633-2A9231329547}"
EndProject
Global
	GlobalSection(SolutionConfigurationPlatforms) = preSolution
		Debug|Any CPU = Debug|Any CPU
		Release|Any CPU = Release|Any CPU
	EndGlobalSection
	GlobalSection(ProjectConfigurationPlatforms) = postSolution
		{60690B7C-569A-4E03-9688-5489BBE6B358}.Debug|Any CPU.ActiveCfg = Debug|Any CPU
		{60690B7C-569A-4E03-9688-5489BBE6B358}.Debug|Any CPU.Build.0 = Debug|Any CPU
		{60690B7C-569A-4E03-9688-5489BBE6B358}.Release|Any CPU.ActiveCfg = Release|Any CPU
		{60690B7C-569A-4E03-9688-5489BBE6B358}.Release|Any CPU.Build.0 = Release|Any CPU
		{84E1C85C-D246-4678-BD9C-822B4ACC891F}.Debug|Any CPU.ActiveCfg = Debug|Any CPU
		{84E1C85C-D246-4678-BD9C-822B4ACC891F}.Debug|Any CPU.Build.0 = Debug|Any CPU
		{84E1C85C-D246-4678-BD9C-822B4ACC891F}.Release|Any CPU.ActiveCfg = Release|Any CPU
		{84E1C85C-D246-4678-BD9C-822B4ACC891F}.Release|Any CPU.Build.0 = Release|Any CPU
		{0BF85DD0-2E78-4FF7-A633-2A9231329547}.Debug|Any CPU.ActiveCfg = Debug|Any CPU
		{0BF85DD0-2E78-4FF7-A633-2A9231329547}.Debug|Any CPU.Build.0 = Debug|Any CPU
		{0BF85DD0-2E78-4FF7-A633-2A9231329547}.Release|Any CPU.ActiveCfg = Release|Any CPU
		{0BF85DD0-2E78-4FF7-A633-2A9231329547}.Release|Any CPU.Build.0 = Release|Any CPU
	EndGlobalSection
	GlobalSection(SolutionProperties) = preSolution
		HideSolutionNode = FALSE
	EndGlobalSection
	GlobalSection(ExtensibilityGlobals) = postSolution
		SolutionGuid = {6FD92979-E291-4E35-BED5-7DBEF0D50F33}
	EndGlobalSection
EndGlobal
